{
  "name": "@grundstein/gms",
  "version": "0.0.1-alpha.0",
  "lockfileVersion": 1,
  "requires": true,
  "dependencies": {
    "@grundstein/commons": {
      "version": "github:grundstein/commons#de376849215ccd05052dad9b80019161dff48fcb",
      "from": "github:grundstein/commons",
      "requires": {
        "@magic/cli": "0.0.28",
        "@magic/error": "0.0.6",
        "@magic/fs": "0.0.6",
        "@magic/log": "0.1.5",
        "@magic/types": "0.1.13"
      }
    },
    "@grundstein/file-store": {
      "version": "github:grundstein/file-store#6d90cb8f73ff00c266245c49ae25decc45a99097",
      "from": "github:grundstein/file-store",
      "requires": {
        "@grundstein/mem-store": "github:grundstein/mem-store",
        "@magic/error": "0.0.5",
        "@magic/fs": "0.0.5",
        "@magic/log": "0.1.4",
        "@magic/mime-types": "0.0.2",
        "@magic/types": "0.1.11"
      },
      "dependencies": {
        "@magic/deep": {
          "version": "0.1.2",
          "resolved": "https://registry.npmjs.org/@magic/deep/-/deep-0.1.2.tgz",
          "integrity": "sha512-k41LYCC5oTkZztyh/Ewtf2c7Sph5Rl1iv8L+h7Fgog5Ve7FZFF7kExPDk+m/Za6Ev93FqpwlJ4YqrL5y3XUDFg==",
          "requires": {
            "@magic/types": "0.1.7"
          },
          "dependencies": {
            "@magic/types": {
              "version": "0.1.7",
              "resolved": "https://registry.npmjs.org/@magic/types/-/types-0.1.7.tgz",
              "integrity": "sha512-FTDPXIad3aCUHocKOQdxfzAOXp1tifhmZWYsAuneE2N/p7pXUxbj+jfrl7RUZQ1wIIB7/qnGeBsEwZtpNCm+Fw=="
            }
          }
        },
        "@magic/error": {
          "version": "0.0.5",
          "resolved": "https://registry.npmjs.org/@magic/error/-/error-0.0.5.tgz",
          "integrity": "sha512-YxDkh4CyfiYYxB7TYcHTqacoKq4XSrhLSGNLTH/NAi9Eo/oYNesCZpScvMLGqebHQ6vipRh5RzsqVy1+gVNgMA==",
          "requires": {
            "@magic/types": "0.1.11"
          }
        },
        "@magic/fs": {
          "version": "0.0.5",
          "resolved": "https://registry.npmjs.org/@magic/fs/-/fs-0.0.5.tgz",
          "integrity": "sha512-Z2LllMVUMUxwgoDVFmFfHfQbOBBqXqRJbXh7UqOdOeaGUZb2yA26rZ2Szy0WSkpdGMvkEOlk/t2NqP6kLQ3gbw==",
          "requires": {
            "@magic/deep": "0.1.2",
            "@magic/error": "0.0.5",
            "@magic/mime-types": "0.0.2",
            "@magic/types": "0.1.11"
          }
        },
        "@magic/log": {
          "version": "0.1.4",
          "resolved": "https://registry.npmjs.org/@magic/log/-/log-0.1.4.tgz",
          "integrity": "sha512-GUiOKQ/L3hnMEYtuYwQ/bjQpVDFa0QReVOwenJVqSJcPXlEZTF7fHoiXHQYcvQ22KduY4AJSxq5f58JvQZaKmg==",
          "requires": {
            "@magic/types": "0.1.11"
          }
        },
        "@magic/mime-types": {
          "version": "0.0.2",
          "resolved": "https://registry.npmjs.org/@magic/mime-types/-/mime-types-0.0.2.tgz",
          "integrity": "sha512-drktsqBy7GdJ+rS4yFjbmA+aRU/kpPstN4vWkGSFeS3gEAUP/I7zxz2jL8dPEnWFmvxYWausJpshGVZk3+H+XA=="
        },
        "@magic/types": {
          "version": "0.1.11",
          "resolved": "https://registry.npmjs.org/@magic/types/-/types-0.1.11.tgz",
          "integrity": "sha512-4eateLebE9Txx4gPjUMpDkCDzrECfxPqAWMgim1kADETPnGAgRTHWbMMCtDZGpp48Jj/5sln0iXqp5GrJZH5EA=="
        }
      }
    },
    "@grundstein/mem-store": {
      "version": "github:grundstein/mem-store#cd4de0b00f0be059d819f25569c3477047477e3b",
      "from": "github:grundstein/mem-store",
      "requires": {
        "@magic/error": "0.0.5",
        "@magic/types": "0.1.11"
      },
      "dependencies": {
        "@magic/error": {
          "version": "0.0.5",
          "resolved": "https://registry.npmjs.org/@magic/error/-/error-0.0.5.tgz",
          "integrity": "sha512-YxDkh4CyfiYYxB7TYcHTqacoKq4XSrhLSGNLTH/NAi9Eo/oYNesCZpScvMLGqebHQ6vipRh5RzsqVy1+gVNgMA==",
          "requires": {
            "@magic/types": "0.1.11"
          }
        },
        "@magic/types": {
          "version": "0.1.11",
          "resolved": "https://registry.npmjs.org/@magic/types/-/types-0.1.11.tgz",
          "integrity": "sha512-4eateLebE9Txx4gPjUMpDkCDzrECfxPqAWMgim1kADETPnGAgRTHWbMMCtDZGpp48Jj/5sln0iXqp5GrJZH5EA=="
        }
      }
    },
    "@magic/cases": {
      "version": "0.0.3",
      "resolved": "https://registry.npmjs.org/@magic/cases/-/cases-0.0.3.tgz",
      "integrity": "sha512-yXTVY0oZUs23l5EZYHtFgCISrDSo+XI1Pj0vBoIUzuL6ovngxynYbipHPHKqLQCTKGT8XLMhOd6fwWIUp/S7Uw=="
    },
    "@magic/cli": {
      "version": "0.0.28",
      "resolved": "https://registry.npmjs.org/@magic/cli/-/cli-0.0.28.tgz",
      "integrity": "sha512-iZK2UHYCT/POnqOc1C86nFYyp+VIxy8V35OBAN4w2C0zwQfeK2RRXVje1Sik27HAfMsZO+MhSTeJx4cO2ne1fg==",
      "requires": {
        "@magic/cases": "0.0.3",
        "@magic/log": "0.1.5",
        "@magic/types": "0.1.12"
      },
      "dependencies": {
        "@magic/types": {
          "version": "0.1.12",
          "resolved": "https://registry.npmjs.org/@magic/types/-/types-0.1.12.tgz",
          "integrity": "sha512-m61sMW2CPaqDClWvyxjLHEV5VVjThEmL4XcNzfvk4GPToCRXV54fbQFfv6Q/n83CJNXPX6X3oCF6jlQ2X6/iVQ=="
        }
      }
    },
    "@magic/deep": {
      "version": "0.1.3",
      "resolved": "https://registry.npmjs.org/@magic/deep/-/deep-0.1.3.tgz",
      "integrity": "sha512-QcDiHyAuYjXw7AOVhJc9sp9wP2kktNJUjgYO4BlsAWGjOPy5c2eyZxIkmmlxoF2cokQ0Mlfl6A84RVEzrfd1dQ==",
      "requires": {
        "@magic/types": "0.1.12"
      },
      "dependencies": {
        "@magic/types": {
          "version": "0.1.12",
          "resolved": "https://registry.npmjs.org/@magic/types/-/types-0.1.12.tgz",
          "integrity": "sha512-m61sMW2CPaqDClWvyxjLHEV5VVjThEmL4XcNzfvk4GPToCRXV54fbQFfv6Q/n83CJNXPX6X3oCF6jlQ2X6/iVQ=="
        }
      }
    },
    "@magic/error": {
      "version": "0.0.6",
      "resolved": "https://registry.npmjs.org/@magic/error/-/error-0.0.6.tgz",
      "integrity": "sha512-JUvW13qpSP7wIvGnSvUsmX9OVJ4dlCKO+2EEQWePHnlKa96Q+mBDGEsO8JvfoVm2htsTz2TKwGrwWdUu35qy1A==",
      "requires": {
        "@magic/types": "0.1.12"
      },
      "dependencies": {
        "@magic/types": {
          "version": "0.1.12",
          "resolved": "https://registry.npmjs.org/@magic/types/-/types-0.1.12.tgz",
          "integrity": "sha512-m61sMW2CPaqDClWvyxjLHEV5VVjThEmL4XcNzfvk4GPToCRXV54fbQFfv6Q/n83CJNXPX6X3oCF6jlQ2X6/iVQ=="
        }
      }
    },
    "@magic/fs": {
      "version": "0.0.6",
      "resolved": "https://registry.npmjs.org/@magic/fs/-/fs-0.0.6.tgz",
      "integrity": "sha512-/UM89laGH4RHY2tHuiPQj8H+08tH8y36ob0Qy2nRkHqwhmqeZ8zPxao1X1ZPx9XEiqlXkfUMEx4oJ4vS/U8utA==",
      "requires": {
        "@magic/deep": "0.1.3",
        "@magic/error": "0.0.6",
        "@magic/mime-types": "0.0.3",
        "@magic/types": "0.1.12"
      },
      "dependencies": {
        "@magic/types": {
          "version": "0.1.12",
          "resolved": "https://registry.npmjs.org/@magic/types/-/types-0.1.12.tgz",
          "integrity": "sha512-m61sMW2CPaqDClWvyxjLHEV5VVjThEmL4XcNzfvk4GPToCRXV54fbQFfv6Q/n83CJNXPX6X3oCF6jlQ2X6/iVQ=="
        }
      }
    },
    "@magic/log": {
      "version": "0.1.5",
      "resolved": "https://registry.npmjs.org/@magic/log/-/log-0.1.5.tgz",
      "integrity": "sha512-hqH26Fb8qmRpFjfy1V47QqKpPAZq2rgiZ5lhW6l0xS7Rw0E7D4g7g6Qmno9A2jFXxz2ZWasD9K1PD3C19kldLw==",
      "requires": {
        "@magic/types": "0.1.12"
      },
      "dependencies": {
        "@magic/types": {
          "version": "0.1.12",
          "resolved": "https://registry.npmjs.org/@magic/types/-/types-0.1.12.tgz",
          "integrity": "sha512-m61sMW2CPaqDClWvyxjLHEV5VVjThEmL4XcNzfvk4GPToCRXV54fbQFfv6Q/n83CJNXPX6X3oCF6jlQ2X6/iVQ=="
        }
      }
    },
    "@magic/mime-types": {
      "version": "0.0.3",
      "resolved": "https://registry.npmjs.org/@magic/mime-types/-/mime-types-0.0.3.tgz",
      "integrity": "sha512-Ygb+MTdljBA8AJE4l/UF75v+3eBr9Hp9B/P78TZI/8Ji2Tk2Aox+wkL7oqJsimujVj8xG07cpgZRu1XRTaOwAA=="
    },
    "@magic/types": {
      "version": "0.1.13",
      "resolved": "https://registry.npmjs.org/@magic/types/-/types-0.1.13.tgz",
      "integrity": "sha512-q1Cs8qXWs6+3Qp2jgBYiWIx554ZrOY5E6EEsn2I0RcZXVk/XUiUJDvQR1drMTc7skvDBjIIdTJfX6tDOPOSIWw=="
    }
  }
}
